# This file is autogenerated, do not edit; changes may be undone by the next 'dep ensure'.


[[projects]]
  name = "github.com/newrelic/go-agent"
  packages = [".","internal","internal/jsonx","internal/logger","internal/sysinfo","internal/utilization"]
  revision = "29ec3cd1bb2f21d21d36da37dae52695cb2c3a17"
  version = "v1.9.0"

[solve-meta]
  analyzer-name = "dep"
  analyzer-version = 1
  inputs-digest = "4a7c9ceb65f8db4738e7eecf59a32b2c30265ed93547f500de49330e498b7204"
  solver-name = "gps-cdcl"
  solver-version = 1
