# This file is autogenerated, do not edit; changes may be undone by the next 'dep ensure'.


[[projects]]
  branch = "master"
  digest = "1:27854310d59099f8dcc61dd8af4a69f0a3597f001154b2fb4d1c41baf2e31ec1"
  name = "github.com/golang/protobuf"
  packages = [
    "proto",
    "ptypes",
    "ptypes/any",
    "ptypes/duration",
    "ptypes/empty",
    "ptypes/timestamp",
  ]
  pruneopts = ""
  revision = "130e6b02ab059e7b717a096f397c5b60111cae74"

[[projects]]
  digest = "1:b9ab1e06a2db4811ea4c9734d01856e7771a8baedea34a2bf50a4ec683b20d0d"
  name = "github.com/izumin5210/newrelic-contrib-go"
  packages = ["nrutil"]
  pruneopts = ""
  revision = "f1fce2d301bdceaf0141be8e6c369fa600253db6"
  version = "v0.1.1"

[[projects]]
  digest = "1:6921a84aa66af28f35794c0369fc5eb98081d6e23afd4c592e99ed8e7c90b11d"
  name = "github.com/newrelic/go-agent"
  packages = [
    ".",
    "internal",
    "internal/jsonx",
    "internal/logger",
    "internal/sysinfo",
    "internal/utilization",
  ]
  pruneopts = ""
  revision = "29ec3cd1bb2f21d21d36da37dae52695cb2c3a17"
  version = "v1.9.0"

[[projects]]
  branch = "master"
  digest = "1:2d5c2b468f70a1f84c0407950dc7ccbc64b1558ab2874c7fcdfa931595afe72d"
  name = "golang.org/x/net"
  packages = [
    "context",
    "http2",
    "http2/hpack",
    "idna",
    "internal/timeseries",
    "lex/httplex",
    "trace",
  ]
  pruneopts = ""
  revision = "0a9397675ba34b2845f758fe3cd68828369c6517"

[[projects]]
  branch = "master"
  digest = "1:6ffd50f330d82d5a92f109253f3831900ccb99f973fb7d614e54ceaf6a41dcec"
  name = "golang.org/x/text"
  packages = [
    "collate",
    "collate/build",
    "internal/colltab",
    "internal/gen",
    "internal/tag",
    "internal/triegen",
    "internal/ucd",
    "language",
    "secure/bidirule",
    "transform",
    "unicode/bidi",
    "unicode/cldr",
    "unicode/norm",
    "unicode/rangetable",
  ]
  pruneopts = ""
  revision = "1cbadb444a806fd9430d14ad08967ed91da4fa0a"

[[projects]]
  branch = "master"
  digest = "1:180913ea45cbe0072abce387a686b929908f8213106a735fe1d1273ae5239648"
  name = "google.golang.org/genproto"
  packages = ["googleapis/rpc/status"]
  pruneopts = ""
  revision = "f676e0f3ac6395ff1a529ae59a6670878a8371a6"

[[projects]]
  digest = "1:b3c989821c14a572c49a8091fd1e832a5e53d3ae2fbf90ed3ea46cef4863aad9"
  name = "google.golang.org/grpc"
  packages = [
    ".",
    "codes",
    "connectivity",
    "credentials",
    "grpclb/grpc_lb_v1/messages",
    "grpclog",
    "internal",
    "keepalive",
    "metadata",
    "naming",
    "peer",
    "stats",
    "status",
    "tap",
    "transport",
  ]
  pruneopts = ""
  revision = "f92cdcd7dcdc69e81b2d7b338479a19a8723cfa3"
  version = "v1.6.0"

[solve-meta]
  analyzer-name = "dep"
  analyzer-version = 1
  input-imports = [
    "github.com/golang/protobuf/proto",
    "github.com/golang/protobuf/ptypes/empty",
    "github.com/izumin5210/newrelic-contrib-go/nrutil",
    "github.com/newrelic/go-agent",
    "golang.org/x/net/context",
    "google.golang.org/grpc",
    "google.golang.org/grpc/codes",
    "google.golang.org/grpc/metadata",
    "google.golang.org/grpc/stats",
    "google.golang.org/grpc/status",
  ]
  solver-name = "gps-cdcl"
  solver-version = 1
